
Microsoft Visual Studio Solution File, Format Version 12.00
# Visual Studio Version 16
VisualStudioVersion = 16.0.30320.27
MinimumVisualStudioVersion = 10.0.40219.1
Project("{9A19103F-16F7-4668-BE54-9A1E7A4F7556}") = "GameManagement", "GameManagement\GameManagement.csproj", "{3D944E4A-9496-4FF1-9EA1-33817189B6B6}"
EndProject
Project("{FAE04EC0-301F-11D3-BF4B-00C04F79EFBC}") = "GameManagement.UnitTests", "GameManagement.UnitTests\GameManagement.UnitTests.csproj", "{F3086322-020D-4898-8011-5898235E2422}"
EndProject
Global
	GlobalSection(SolutionConfigurationPlatforms) = preSolution
		Debug|Any CPU = Debug|Any CPU
		Release|Any CPU = Release|Any CPU
	EndGlobalSection
	GlobalSection(ProjectConfigurationPlatforms) = postSolution
		{3D944E4A-9496-4FF1-9EA1-33817189B6B6}.Debug|Any CPU.ActiveCfg = Debug|Any CPU
		{3D944E4A-9496-4FF1-9EA1-33817189B6B6}.Debug|Any CPU.Build.0 = Debug|Any CPU
		{3D944E4A-9496-4FF1-9EA1-33817189B6B6}.Release|Any CPU.ActiveCfg = Release|Any CPU
		{3D944E4A-9496-4FF1-9EA1-33817189B6B6}.Release|Any CPU.Build.0 = Release|Any CPU
		{F3086322-020D-4898-8011-5898235E2422}.Debug|Any CPU.ActiveCfg = Debug|Any CPU
		{F3086322-020D-4898-8011-5898235E2422}.Debug|Any CPU.Build.0 = Debug|Any CPU
		{F3086322-020D-4898-8011-5898235E2422}.Release|Any CPU.ActiveCfg = Release|Any CPU
		{F3086322-020D-4898-8011-5898235E2422}.Release|Any CPU.Build.0 = Release|Any CPU
	EndGlobalSection
	GlobalSection(SolutionProperties) = preSolution
		HideSolutionNode = FALSE
	EndGlobalSection
	GlobalSection(ExtensibilityGlobals) = postSolution
		SolutionGuid = {EC7CD120-F107-4C38-83E5-F99CC41A9C3B}
	EndGlobalSection
EndGlobal
